
Microsoft Visual Studio Solution File, Format Version 12.00
# Visual Studio Version 16
VisualStudioVersion = 16.0.31911.196
MinimumVisualStudioVersion = 10.0.40219.1
Project("{FAE04EC0-301F-11D3-BF4B-00C04F79EFBC}") = "BlogNet", "BlogNet\BlogNet.csproj", "{6DB3A3EA-EF27-412F-9B2A-FE6A0ED2C1FD}"
EndProject
Global
	GlobalSection(SolutionConfigurationPlatforms) = preSolution
		Debug|Any CPU = Debug|Any CPU
		Release|Any CPU = Release|Any CPU
	EndGlobalSection
	GlobalSection(ProjectConfigurationPlatforms) = postSolution
		{6DB3A3EA-EF27-412F-9B2A-FE6A0ED2C1FD}.Debug|Any CPU.ActiveCfg = Debug|Any CPU
		{6DB3A3EA-EF27-412F-9B2A-FE6A0ED2C1FD}.Debug|Any CPU.Build.0 = Debug|Any CPU
		{6DB3A3EA-EF27-412F-9B2A-FE6A0ED2C1FD}.Release|Any CPU.ActiveCfg = Release|Any CPU
		{6DB3A3EA-EF27-412F-9B2A-FE6A0ED2C1FD}.Release|Any CPU.Build.0 = Release|Any CPU
	EndGlobalSection
	GlobalSection(SolutionProperties) = preSolution
		HideSolutionNode = FALSE
	EndGlobalSection
	GlobalSection(ExtensibilityGlobals) = postSolution
		SolutionGuid = {8323DEBB-6B01-48D8-880C-DD9067AB199A}
	EndGlobalSection
EndGlobal
